
Microsoft Visual Studio Solution File, Format Version 12.00
# Visual Studio Version 17
VisualStudioVersion = 17.4.33122.133
MinimumVisualStudioVersion = 10.0.40219.1
Project("{FAE04EC0-301F-11D3-BF4B-00C04F79EFBC}") = "SCTollCalcAPI", "SCTollCalcAPI\SCTollCalcAPI.csproj", "{51F4D04C-A6DA-4B6F-9607-1BB232BC4BF9}"
EndProject
Project("{FAE04EC0-301F-11D3-BF4B-00C04F79EFBC}") = "SCModels", "SCModels\SCModels.csproj", "{C4DBAD25-5432-4A35-A4AB-32AA42490B13}"
EndProject
Project("{FAE04EC0-301F-11D3-BF4B-00C04F79EFBC}") = "BLL", "BLL\BLL.csproj", "{6144BA41-2558-4B65-BF0D-E4CBD25883CD}"
EndProject
Global
	GlobalSection(SolutionConfigurationPlatforms) = preSolution
		Debug|Any CPU = Debug|Any CPU
		Release|Any CPU = Release|Any CPU
	EndGlobalSection
	GlobalSection(ProjectConfigurationPlatforms) = postSolution
		{51F4D04C-A6DA-4B6F-9607-1BB232BC4BF9}.Debug|Any CPU.ActiveCfg = Debug|Any CPU
		{51F4D04C-A6DA-4B6F-9607-1BB232BC4BF9}.Debug|Any CPU.Build.0 = Debug|Any CPU
		{51F4D04C-A6DA-4B6F-9607-1BB232BC4BF9}.Release|Any CPU.ActiveCfg = Release|Any CPU
		{51F4D04C-A6DA-4B6F-9607-1BB232BC4BF9}.Release|Any CPU.Build.0 = Release|Any CPU
		{C4DBAD25-5432-4A35-A4AB-32AA42490B13}.Debug|Any CPU.ActiveCfg = Debug|Any CPU
		{C4DBAD25-5432-4A35-A4AB-32AA42490B13}.Debug|Any CPU.Build.0 = Debug|Any CPU
		{C4DBAD25-5432-4A35-A4AB-32AA42490B13}.Release|Any CPU.ActiveCfg = Release|Any CPU
		{C4DBAD25-5432-4A35-A4AB-32AA42490B13}.Release|Any CPU.Build.0 = Release|Any CPU
		{6144BA41-2558-4B65-BF0D-E4CBD25883CD}.Debug|Any CPU.ActiveCfg = Debug|Any CPU
		{6144BA41-2558-4B65-BF0D-E4CBD25883CD}.Debug|Any CPU.Build.0 = Debug|Any CPU
		{6144BA41-2558-4B65-BF0D-E4CBD25883CD}.Release|Any CPU.ActiveCfg = Release|Any CPU
		{6144BA41-2558-4B65-BF0D-E4CBD25883CD}.Release|Any CPU.Build.0 = Release|Any CPU
	EndGlobalSection
	GlobalSection(SolutionProperties) = preSolution
		HideSolutionNode = FALSE
	EndGlobalSection
	GlobalSection(ExtensibilityGlobals) = postSolution
		SolutionGuid = {F5481C8A-B71F-4D94-9AC9-1582938F19C7}
	EndGlobalSection
EndGlobal
